
Microsoft Visual Studio Solution File, Format Version 12.00
# Visual Studio 15
VisualStudioVersion = 15.0.27703.2026
MinimumVisualStudioVersion = 10.0.40219.1
Project("{FAE04EC0-301F-11D3-BF4B-00C04F79EFBC}") = "MVCLearn", "MVCLearn\MVCLearn.csproj", "{8017116F-5D0C-484E-AC9A-1119B7DA7419}"
EndProject
Global
	GlobalSection(SolutionConfigurationPlatforms) = preSolution
		Debug|Any CPU = Debug|Any CPU
		Release|Any CPU = Release|Any CPU
	EndGlobalSection
	GlobalSection(ProjectConfigurationPlatforms) = postSolution
		{8017116F-5D0C-484E-AC9A-1119B7DA7419}.Debug|Any CPU.ActiveCfg = Debug|Any CPU
		{8017116F-5D0C-484E-AC9A-1119B7DA7419}.Debug|Any CPU.Build.0 = Debug|Any CPU
		{8017116F-5D0C-484E-AC9A-1119B7DA7419}.Release|Any CPU.ActiveCfg = Release|Any CPU
		{8017116F-5D0C-484E-AC9A-1119B7DA7419}.Release|Any CPU.Build.0 = Release|Any CPU
	EndGlobalSection
	GlobalSection(SolutionProperties) = preSolution
		HideSolutionNode = FALSE
	EndGlobalSection
	GlobalSection(ExtensibilityGlobals) = postSolution
		SolutionGuid = {8836E80E-A6A4-4EBE-BF32-CFB5E19B52E6}
	EndGlobalSection
EndGlobal
